
Microsoft Visual Studio Solution File, Format Version 12.00
# Visual Studio Version 17
VisualStudioVersion = 17.7.34003.232
MinimumVisualStudioVersion = 10.0.40219.1
Project("{FAE04EC0-301F-11D3-BF4B-00C04F79EFBC}") = "api", "api\api.csproj", "{9854B36C-A99F-4741-9D71-079EA2A41DA7}"
EndProject
Global
	GlobalSection(SolutionConfigurationPlatforms) = preSolution
		Debug|Any CPU = Debug|Any CPU
		Release|Any CPU = Release|Any CPU
	EndGlobalSection
	GlobalSection(ProjectConfigurationPlatforms) = postSolution
		{9854B36C-A99F-4741-9D71-079EA2A41DA7}.Debug|Any CPU.ActiveCfg = Debug|Any CPU
		{9854B36C-A99F-4741-9D71-079EA2A41DA7}.Debug|Any CPU.Build.0 = Debug|Any CPU
		{9854B36C-A99F-4741-9D71-079EA2A41DA7}.Release|Any CPU.ActiveCfg = Release|Any CPU
		{9854B36C-A99F-4741-9D71-079EA2A41DA7}.Release|Any CPU.Build.0 = Release|Any CPU
	EndGlobalSection
	GlobalSection(SolutionProperties) = preSolution
		HideSolutionNode = FALSE
	EndGlobalSection
	GlobalSection(ExtensibilityGlobals) = postSolution
		SolutionGuid = {38BC4B87-7BA6-4531-9C38-A1F825515E5F}
	EndGlobalSection
EndGlobal
